
Microsoft Visual Studio Solution File, Format Version 12.00
# Visual Studio Version 16
VisualStudioVersion = 16.0.33027.164
MinimumVisualStudioVersion = 10.0.40219.1
Project("{FAE04EC0-301F-11D3-BF4B-00C04F79EFBC}") = "InfoManagementSystem", "InfoManagementSystem\InfoManagementSystem.csproj", "{243A29F8-952F-4AA4-8029-82FBE04A88FB}"
EndProject
Global
	GlobalSection(SolutionConfigurationPlatforms) = preSolution
		Debug|Any CPU = Debug|Any CPU
		Release|Any CPU = Release|Any CPU
	EndGlobalSection
	GlobalSection(ProjectConfigurationPlatforms) = postSolution
		{243A29F8-952F-4AA4-8029-82FBE04A88FB}.Debug|Any CPU.ActiveCfg = Debug|Any CPU
		{243A29F8-952F-4AA4-8029-82FBE04A88FB}.Debug|Any CPU.Build.0 = Debug|Any CPU
		{243A29F8-952F-4AA4-8029-82FBE04A88FB}.Release|Any CPU.ActiveCfg = Release|Any CPU
		{243A29F8-952F-4AA4-8029-82FBE04A88FB}.Release|Any CPU.Build.0 = Release|Any CPU
	EndGlobalSection
	GlobalSection(SolutionProperties) = preSolution
		HideSolutionNode = FALSE
	EndGlobalSection
	GlobalSection(ExtensibilityGlobals) = postSolution
		SolutionGuid = {F1A07EE2-4F1A-4B48-A510-95D7282EB0F0}
	EndGlobalSection
EndGlobal
